
Microsoft Visual Studio Solution File, Format Version 12.00
# Visual Studio Version 16
VisualStudioVersion = 16.0.29806.167
MinimumVisualStudioVersion = 10.0.40219.1
Project("{FAE04EC0-301F-11D3-BF4B-00C04F79EFBC}") = "CustomListProj", "CustomList\CustomListProj.csproj", "{5D4CCF37-08FF-42AD-8AB5-B3284DE8C7DF}"
EndProject
Project("{FAE04EC0-301F-11D3-BF4B-00C04F79EFBC}") = "CustomListUnitTests", "CustomListUnitTests\CustomListUnitTests.csproj", "{57C5ABFF-4970-4E22-BF92-0B3A131BF9F5}"
EndProject
Global
	GlobalSection(SolutionConfigurationPlatforms) = preSolution
		Debug|Any CPU = Debug|Any CPU
		Release|Any CPU = Release|Any CPU
	EndGlobalSection
	GlobalSection(ProjectConfigurationPlatforms) = postSolution
		{5D4CCF37-08FF-42AD-8AB5-B3284DE8C7DF}.Debug|Any CPU.ActiveCfg = Debug|Any CPU
		{5D4CCF37-08FF-42AD-8AB5-B3284DE8C7DF}.Debug|Any CPU.Build.0 = Debug|Any CPU
		{5D4CCF37-08FF-42AD-8AB5-B3284DE8C7DF}.Release|Any CPU.ActiveCfg = Release|Any CPU
		{5D4CCF37-08FF-42AD-8AB5-B3284DE8C7DF}.Release|Any CPU.Build.0 = Release|Any CPU
		{57C5ABFF-4970-4E22-BF92-0B3A131BF9F5}.Debug|Any CPU.ActiveCfg = Debug|Any CPU
		{57C5ABFF-4970-4E22-BF92-0B3A131BF9F5}.Debug|Any CPU.Build.0 = Debug|Any CPU
		{57C5ABFF-4970-4E22-BF92-0B3A131BF9F5}.Release|Any CPU.ActiveCfg = Release|Any CPU
		{57C5ABFF-4970-4E22-BF92-0B3A131BF9F5}.Release|Any CPU.Build.0 = Release|Any CPU
	EndGlobalSection
	GlobalSection(SolutionProperties) = preSolution
		HideSolutionNode = FALSE
	EndGlobalSection
	GlobalSection(ExtensibilityGlobals) = postSolution
		SolutionGuid = {D33636D7-49FF-4C96-80E3-3371117FACC6}
	EndGlobalSection
EndGlobal
